// !$*UTF8*$!
{
	archiveVersion = 1;
	classes = {
	};
	objectVersion = 46;
	objects = {

/* Begin PBXBuildFile section */
		BC8F665C1C7F273900FEFE89 /* main.m in Sources */ = {isa = PBXBuildFile; fileRef = BC8F665B1C7F273900FEFE89 /* main.m */; };
		BC8F66651C7F273900FEFE89 /* Main.storyboard in Resources */ = {isa = PBXBuildFile; fileRef = BC8F66631C7F273900FEFE89 /* Main.storyboard */; };
		BC8F66671C7F273900FEFE89 /* Assets.xcassets in Resources */ = {isa = PBXBuildFile; fileRef = BC8F66661C7F273900FEFE89 /* Assets.xcassets */; };
		BC8F666A1C7F273900FEFE89 /* LaunchScreen.storyboard in Resources */ = {isa = PBXBuildFile; fileRef = BC8F66681C7F273900FEFE89 /* LaunchScreen.storyboard */; };
		BC8F66761C7F279200FEFE89 /* AppDelegate.m in Sources */ = {isa = PBXBuildFile; fileRef = BC8F66731C7F279200FEFE89 /* AppDelegate.m */; };
		BC8F66771C7F279200FEFE89 /* ViewController.m in Sources */ = {isa = PBXBuildFile; fileRef = BC8F66751C7F279200FEFE89 /* ViewController.m */; };
		BC8F667B1C7F29F000FEFE89 /* SimpleAudioIO.m in Sources */ = {isa = PBXBuildFile; fileRef = BC8F667A1C7F29F000FEFE89 /* SimpleAudioIO.m */; };
		BC8F667E1C7F2AFA00FEFE89 /* SimpleViewController.m in Sources */ = {isa = PBXBuildFile; fileRef = BC8F667D1C7F2AFA00FEFE89 /* SimpleViewController.m */; };
		BC8F66811C7F2EC000FEFE89 /* AudioToolbox.framework in Frameworks */ = {isa = PBXBuildFile; fileRef = BC8F667F1C7F2EC000FEFE89 /* AudioToolbox.framework */; };
		BC8F66821C7F2EC000FEFE89 /* AVFoundation.framework in Frameworks */ = {isa = PBXBuildFile; fileRef = BC8F66801C7F2EC000FEFE89 /* AVFoundation.framework */; };
		BC8F66871C7F4B5C00FEFE89 /* sample.mp3 in Resources */ = {isa = PBXBuildFile; fileRef = BC8F66861C7F4B5C00FEFE89 /* sample.mp3 */; };
		BC8F668C1C7FD3D000FEFE89 /* TimeStretchAudioIO.m in Sources */ = {isa = PBXBuildFile; fileRef = BC8F66891C7FD3D000FEFE89 /* TimeStretchAudioIO.m */; };
		BC8F668D1C7FD3D000FEFE89 /* TimeStretchViewController.m in Sources */ = {isa = PBXBuildFile; fileRef = BC8F668B1C7FD3D000FEFE89 /* TimeStretchViewController.m */; };
		BC8F66921C82A77A00FEFE89 /* EffectAudioIO.m in Sources */ = {isa = PBXBuildFile; fileRef = BC8F668F1C82A77A00FEFE89 /* EffectAudioIO.m */; };
		BC8F66931C82A77A00FEFE89 /* EffectViewController.m in Sources */ = {isa = PBXBuildFile; fileRef = BC8F66911C82A77A00FEFE89 /* EffectViewController.m */; };
		BC8F66981C845EBE00FEFE89 /* AudioEngineIO.m in Sources */ = {isa = PBXBuildFile; fileRef = BC8F66951C845EBE00FEFE89 /* AudioEngineIO.m */; };
		BC8F66991C845EBE00FEFE89 /* AudioEngineViewController.m in Sources */ = {isa = PBXBuildFile; fileRef = BC8F66971C845EBE00FEFE89 /* AudioEngineViewController.m */; };
/* End PBXBuildFile section */

/* Begin PBXFileReference section */
		BC8F66571C7F273900FEFE89 /* iOSAudioSample.app */ = {isa = PBXFileReference; explicitFileType = wrapper.application; includeInIndex = 0; path = iOSAudioSample.app; sourceTree = BUILT_PRODUCTS_DIR; };
		BC8F665B1C7F273900FEFE89 /* main.m */ = {isa = PBXFileReference; lastKnownFileType = sourcecode.c.objc; path = main.m; sourceTree = "<group>"; };
		BC8F66641C7F273900FEFE89 /* Base */ = {isa = PBXFileReference; lastKnownFileType = file.storyboard; name = Base; path = Base.lproj/Main.storyboard; sourceTree = "<group>"; };
		BC8F66661C7F273900FEFE89 /* Assets.xcassets */ = {isa = PBXFileReference; lastKnownFileType = folder.assetcatalog; path = Assets.xcassets; sourceTree = "<group>"; };
		BC8F66691C7F273900FEFE89 /* Base */ = {isa = PBXFileReference; lastKnownFileType = file.storyboard; name = Base; path = Base.lproj/LaunchScreen.storyboard; sourceTree = "<group>"; };
		BC8F666B1C7F273900FEFE89 /* Info.plist */ = {isa = PBXFileReference; lastKnownFileType = text.plist.xml; path = Info.plist; sourceTree = "<group>"; };
		BC8F66721C7F279200FEFE89 /* AppDelegate.h */ = {isa = PBXFileReference; fileEncoding = 4; lastKnownFileType = sourcecode.c.h; path = AppDelegate.h; sourceTree = "<group>"; };
		BC8F66731C7F279200FEFE89 /* AppDelegate.m */ = {isa = PBXFileReference; fileEncoding = 4; lastKnownFileType = sourcecode.c.objc; path = AppDelegate.m; sourceTree = "<group>"; };
		BC8F66741C7F279200FEFE89 /* ViewController.h */ = {isa = PBXFileReference; fileEncoding = 4; lastKnownFileType = sourcecode.c.h; path = ViewController.h; sourceTree = "<group>"; };
		BC8F66751C7F279200FEFE89 /* ViewController.m */ = {isa = PBXFileReference; fileEncoding = 4; lastKnownFileType = sourcecode.c.objc; path = ViewController.m; sourceTree = "<group>"; };
		BC8F66781C7F290E00FEFE89 /* iOSAudioSample-Prefix.pch */ = {isa = PBXFileReference; fileEncoding = 4; lastKnownFileType = sourcecode.c.h; path = "iOSAudioSample-Prefix.pch"; sourceTree = "<group>"; };
		BC8F66791C7F29F000FEFE89 /* SimpleAudioIO.h */ = {isa = PBXFileReference; fileEncoding = 4; lastKnownFileType = sourcecode.c.h; path = SimpleAudioIO.h; sourceTree = "<group>"; };
		BC8F667A1C7F29F000FEFE89 /* SimpleAudioIO.m */ = {isa = PBXFileReference; fileEncoding = 4; lastKnownFileType = sourcecode.c.objc; path = SimpleAudioIO.m; sourceTree = "<group>"; };
		BC8F667C1C7F2AFA00FEFE89 /* SimpleViewController.h */ = {isa = PBXFileReference; fileEncoding = 4; lastKnownFileType = sourcecode.c.h; path = SimpleViewController.h; sourceTree = "<group>"; };
		BC8F667D1C7F2AFA00FEFE89 /* SimpleViewController.m */ = {isa = PBXFileReference; fileEncoding = 4; lastKnownFileType = sourcecode.c.objc; path = SimpleViewController.m; sourceTree = "<group>"; };
		BC8F667F1C7F2EC000FEFE89 /* AudioToolbox.framework */ = {isa = PBXFileReference; lastKnownFileType = wrapper.framework; name = AudioToolbox.framework; path = System/Library/Frameworks/AudioToolbox.framework; sourceTree = SDKROOT; };
		BC8F66801C7F2EC000FEFE89 /* AVFoundation.framework */ = {isa = PBXFileReference; lastKnownFileType = wrapper.framework; name = AVFoundation.framework; path = System/Library/Frameworks/AVFoundation.framework; sourceTree = SDKROOT; };
		BC8F66861C7F4B5C00FEFE89 /* sample.mp3 */ = {isa = PBXFileReference; lastKnownFileType = audio.mp3; path = sample.mp3; sourceTree = "<group>"; };
		BC8F66881C7FD3D000FEFE89 /* TimeStretchAudioIO.h */ = {isa = PBXFileReference; fileEncoding = 4; lastKnownFileType = sourcecode.c.h; path = TimeStretchAudioIO.h; sourceTree = "<group>"; };
		BC8F66891C7FD3D000FEFE89 /* TimeStretchAudioIO.m */ = {isa = PBXFileReference; fileEncoding = 4; lastKnownFileType = sourcecode.c.objc; path = TimeStretchAudioIO.m; sourceTree = "<group>"; };
		BC8F668A1C7FD3D000FEFE89 /* TimeStretchViewController.h */ = {isa = PBXFileReference; fileEncoding = 4; lastKnownFileType = sourcecode.c.h; path = TimeStretchViewController.h; sourceTree = "<group>"; };
		BC8F668B1C7FD3D000FEFE89 /* TimeStretchViewController.m */ = {isa = PBXFileReference; fileEncoding = 4; lastKnownFileType = sourcecode.c.objc; path = TimeStretchViewController.m; sourceTree = "<group>"; };
		BC8F668E1C82A77A00FEFE89 /* EffectAudioIO.h */ = {isa = PBXFileReference; fileEncoding = 4; lastKnownFileType = sourcecode.c.h; path = EffectAudioIO.h; sourceTree = "<group>"; };
		BC8F668F1C82A77A00FEFE89 /* EffectAudioIO.m */ = {isa = PBXFileReference; fileEncoding = 4; lastKnownFileType = sourcecode.c.objc; path = EffectAudioIO.m; sourceTree = "<group>"; };
		BC8F66901C82A77A00FEFE89 /* EffectViewController.h */ = {isa = PBXFileReference; fileEncoding = 4; lastKnownFileType = sourcecode.c.h; path = EffectViewController.h; sourceTree = "<group>"; };
		BC8F66911C82A77A00FEFE89 /* EffectViewController.m */ = {isa = PBXFileReference; fileEncoding = 4; lastKnownFileType = sourcecode.c.objc; path = EffectViewController.m; sourceTree = "<group>"; };
		BC8F66941C845EBE00FEFE89 /* AudioEngineIO.h */ = {isa = PBXFileReference; fileEncoding = 4; lastKnownFileType = sourcecode.c.h; path = AudioEngineIO.h; sourceTree = "<group>"; };
		BC8F66951C845EBE00FEFE89 /* AudioEngineIO.m */ = {isa = PBXFileReference; fileEncoding = 4; lastKnownFileType = sourcecode.c.objc; path = AudioEngineIO.m; sourceTree = "<group>"; };
		BC8F66961C845EBE00FEFE89 /* AudioEngineViewController.h */ = {isa = PBXFileReference; fileEncoding = 4; lastKnownFileType = sourcecode.c.h; path = AudioEngineViewController.h; sourceTree = "<group>"; };
		BC8F66971C845EBE00FEFE89 /* AudioEngineViewController.m */ = {isa = PBXFileReference; fileEncoding = 4; lastKnownFileType = sourcecode.c.objc; path = AudioEngineViewController.m; sourceTree = "<group>"; };
/* End PBXFileReference section */

/* Begin PBXFrameworksBuildPhase section */
		BC8F66541C7F273900FEFE89 /* Frameworks */ = {
			isa = PBXFrameworksBuildPhase;
			buildActionMask = 2147483647;
			files = (
				BC8F66811C7F2EC000FEFE89 /* AudioToolbox.framework in Frameworks */,
				BC8F66821C7F2EC000FEFE89 /* AVFoundation.framework in Frameworks */,
			);
			runOnlyForDeploymentPostprocessing = 0;
		};
/* End PBXFrameworksBuildPhase section */

/* Begin PBXGroup section */
		BC8F664E1C7F273900FEFE89 = {
			isa = PBXGroup;
			children = (
				BC8F66591C7F273900FEFE89 /* iOSAudioSample */,
				BC8F66831C7F2EDD00FEFE89 /* Frameworks */,
				BC8F66581C7F273900FEFE89 /* Products */,
			);
			sourceTree = "<group>";
		};
		BC8F66581C7F273900FEFE89 /* Products */ = {
			isa = PBXGroup;
			children = (
				BC8F66571C7F273900FEFE89 /* iOSAudioSample.app */,
			);
			name = Products;
			sourceTree = "<group>";
		};
		BC8F66591C7F273900FEFE89 /* iOSAudioSample */ = {
			isa = PBXGroup;
			children = (
				BC8F66711C7F279200FEFE89 /* Classes */,
				BC8F66631C7F273900FEFE89 /* Main.storyboard */,
				BC8F66661C7F273900FEFE89 /* Assets.xcassets */,
				BC8F66681C7F273900FEFE89 /* LaunchScreen.storyboard */,
				BC8F666B1C7F273900FEFE89 /* Info.plist */,
				BC8F665A1C7F273900FEFE89 /* Supporting Files */,
			);
			path = iOSAudioSample;
			sourceTree = "<group>";
		};
		BC8F665A1C7F273900FEFE89 /* Supporting Files */ = {
			isa = PBXGroup;
			children = (
				BC8F66861C7F4B5C00FEFE89 /* sample.mp3 */,
				BC8F665B1C7F273900FEFE89 /* main.m */,
				BC8F66781C7F290E00FEFE89 /* iOSAudioSample-Prefix.pch */,
			);
			name = "Supporting Files";
			sourceTree = "<group>";
		};
		BC8F66711C7F279200FEFE89 /* Classes */ = {
			isa = PBXGroup;
			children = (
				BC8F66721C7F279200FEFE89 /* AppDelegate.h */,
				BC8F66731C7F279200FEFE89 /* AppDelegate.m */,
				BC8F66741C7F279200FEFE89 /* ViewController.h */,
				BC8F66751C7F279200FEFE89 /* ViewController.m */,
				BC8F667C1C7F2AFA00FEFE89 /* SimpleViewController.h */,
				BC8F667D1C7F2AFA00FEFE89 /* SimpleViewController.m */,
				BC8F66791C7F29F000FEFE89 /* SimpleAudioIO.h */,
				BC8F667A1C7F29F000FEFE89 /* SimpleAudioIO.m */,
				BC8F668A1C7FD3D000FEFE89 /* TimeStretchViewController.h */,
				BC8F668B1C7FD3D000FEFE89 /* TimeStretchViewController.m */,
				BC8F66881C7FD3D000FEFE89 /* TimeStretchAudioIO.h */,
				BC8F66891C7FD3D000FEFE89 /* TimeStretchAudioIO.m */,
				BC8F66901C82A77A00FEFE89 /* EffectViewController.h */,
				BC8F66911C82A77A00FEFE89 /* EffectViewController.m */,
				BC8F668E1C82A77A00FEFE89 /* EffectAudioIO.h */,
				BC8F668F1C82A77A00FEFE89 /* EffectAudioIO.m */,
				BC8F66961C845EBE00FEFE89 /* AudioEngineViewController.h */,
				BC8F66971C845EBE00FEFE89 /* AudioEngineViewController.m */,
				BC8F66941C845EBE00FEFE89 /* AudioEngineIO.h */,
				BC8F66951C845EBE00FEFE89 /* AudioEngineIO.m */,
			);
			path = Classes;
			sourceTree = "<group>";
		};
		BC8F66831C7F2EDD00FEFE89 /* Frameworks */ = {
			isa = PBXGroup;
			children = (
				BC8F667F1C7F2EC000FEFE89 /* AudioToolbox.framework */,
				BC8F66801C7F2EC000FEFE89 /* AVFoundation.framework */,
			);
			name = Frameworks;
			sourceTree = "<group>";
		};
/* End PBXGroup section */

/* Begin PBXNativeTarget section */
		BC8F66561C7F273900FEFE89 /* iOSAudioSample */ = {
			isa = PBXNativeTarget;
			buildConfigurationList = BC8F666E1C7F273900FEFE89 /* Build configuration list for PBXNativeTarget "iOSAudioSample" */;
			buildPhases = (
				BC8F66531C7F273900FEFE89 /* Sources */,
				BC8F66541C7F273900FEFE89 /* Frameworks */,
				BC8F66551C7F273900FEFE89 /* Resources */,
			);
			buildRules = (
			);
			dependencies = (
			);
			name = iOSAudioSample;
			productName = AUGraphSample;
			productReference = BC8F66571C7F273900FEFE89 /* iOSAudioSample.app */;
			productType = "com.apple.product-type.application";
		};
/* End PBXNativeTarget section */

/* Begin PBXProject section */
		BC8F664F1C7F273900FEFE89 /* Project object */ = {
			isa = PBXProject;
			attributes = {
				LastUpgradeCheck = 1010;
				ORGANIZATIONNAME = LoopSessions;
				TargetAttributes = {
					BC8F66561C7F273900FEFE89 = {
						CreatedOnToolsVersion = 7.2;
					};
				};
			};
			buildConfigurationList = BC8F66521C7F273900FEFE89 /* Build configuration list for PBXProject "iOSAudioSample" */;
			compatibilityVersion = "Xcode 3.2";
			developmentRegion = English;
			hasScannedForEncodings = 0;
			knownRegions = (
				en,
				Base,
			);
			mainGroup = BC8F664E1C7F273900FEFE89;
			productRefGroup = BC8F66581C7F273900FEFE89 /* Products */;
			projectDirPath = "";
			projectRoot = "";
			targets = (
				BC8F66561C7F273900FEFE89 /* iOSAudioSample */,
			);
		};
/* End PBXProject section */

/* Begin PBXResourcesBuildPhase section */
		BC8F66551C7F273900FEFE89 /* Resources */ = {
			isa = PBXResourcesBuildPhase;
			buildActionMask = 2147483647;
			files = (
				BC8F666A1C7F273900FEFE89 /* LaunchScreen.storyboard in Resources */,
				BC8F66671C7F273900FEFE89 /* Assets.xcassets in Resources */,
				BC8F66871C7F4B5C00FEFE89 /* sample.mp3 in Resources */,
				BC8F66651C7F273900FEFE89 /* Main.storyboard in Resources */,
			);
			runOnlyForDeploymentPostprocessing = 0;
		};
/* End PBXResourcesBuildPhase section */

/* Begin PBXSourcesBuildPhase section */
		BC8F66531C7F273900FEFE89 /* Sources */ = {
			isa = PBXSourcesBuildPhase;
			buildActionMask = 2147483647;
			files = (
				BC8F667E1C7F2AFA00FEFE89 /* SimpleViewController.m in Sources */,
				BC8F66921C82A77A00FEFE89 /* EffectAudioIO.m in Sources */,
				BC8F66771C7F279200FEFE89 /* ViewController.m in Sources */,
				BC8F66761C7F279200FEFE89 /* AppDelegate.m in Sources */,
				BC8F66981C845EBE00FEFE89 /* AudioEngineIO.m in Sources */,
				BC8F667B1C7F29F000FEFE89 /* SimpleAudioIO.m in Sources */,
				BC8F66931C82A77A00FEFE89 /* EffectViewController.m in Sources */,
				BC8F668D1C7FD3D000FEFE89 /* TimeStretchViewController.m in Sources */,
				BC8F665C1C7F273900FEFE89 /* main.m in Sources */,
				BC8F668C1C7FD3D000FEFE89 /* TimeStretchAudioIO.m in Sources */,
				BC8F66991C845EBE00FEFE89 /* AudioEngineViewController.m in Sources */,
			);
			runOnlyForDeploymentPostprocessing = 0;
		};
/* End PBXSourcesBuildPhase section */

/* Begin PBXVariantGroup section */
		BC8F66631C7F273900FEFE89 /* Main.storyboard */ = {
			isa = PBXVariantGroup;
			children = (
				BC8F66641C7F273900FEFE89 /* Base */,
			);
			name = Main.storyboard;
			sourceTree = "<group>";
		};
		BC8F66681C7F273900FEFE89 /* LaunchScreen.storyboard */ = {
			isa = PBXVariantGroup;
			children = (
				BC8F66691C7F273900FEFE89 /* Base */,
			);
			name = LaunchScreen.storyboard;
			sourceTree = "<group>";
		};
/* End PBXVariantGroup section */

/* Begin XCBuildConfiguration section */
		BC8F666C1C7F273900FEFE89 /* Debug */ = {
			isa = XCBuildConfiguration;
			buildSettings = {
				ALWAYS_SEARCH_USER_PATHS = NO;
				CLANG_CXX_LANGUAGE_STANDARD = "gnu++0x";
				CLANG_CXX_LIBRARY = "libc++";
				CLANG_ENABLE_MODULES = YES;
				CLANG_WARN_BLOCK_CAPTURE_AUTORELEASING = YES;
				CLANG_WARN_BOOL_CONVERSION = YES;
				CLANG_WARN_COMMA = YES;
				CLANG_WARN_CONSTANT_CONVERSION = YES;
				CLANG_WARN_DEPRECATED_OBJC_IMPLEMENTATIONS = YES;
				CLANG_WARN_DIRECT_OBJC_ISA_USAGE = YES_ERROR;
				CLANG_WARN_EMPTY_BODY = YES;
				CLANG_WARN_ENUM_CONVERSION = YES;
				CLANG_WARN_INFINITE_RECURSION = YES;
				CLANG_WARN_INT_CONVERSION = YES;
				CLANG_WARN_NON_LITERAL_NULL_CONVERSION = YES;
				CLANG_WARN_OBJC_IMPLICIT_RETAIN_SELF = YES;
				CLANG_WARN_OBJC_LITERAL_CONVERSION = YES;
				CLANG_WARN_OBJC_ROOT_CLASS = YES_ERROR;
				CLANG_WARN_RANGE_LOOP_ANALYSIS = YES;
				CLANG_WARN_STRICT_PROTOTYPES = YES;
				CLANG_WARN_SUSPICIOUS_MOVE = YES;
				CLANG_WARN_UNREACHABLE_CODE = YES;
				CLANG_WARN__DUPLICATE_METHOD_MATCH = YES;
				CODE_SIGN_IDENTITY = "iPhone Developer";
				"CODE_SIGN_IDENTITY[sdk=iphoneos*]" = "iPhone Developer";
				COPY_PHASE_STRIP = NO;
				DEBUG_INFORMATION_FORMAT = dwarf;
				ENABLE_STRICT_OBJC_MSGSEND = YES;
				ENABLE_TESTABILITY = YES;
				GCC_C_LANGUAGE_STANDARD = gnu99;
				GCC_DYNAMIC_NO_PIC = NO;
				GCC_NO_COMMON_BLOCKS = YES;
				GCC_OPTIMIZATION_LEVEL = 0;
				GCC_PREPROCESSOR_DEFINITIONS = (
					"DEBUG=1",
					"$(inherited)",
				);
				GCC_WARN_64_TO_32_BIT_CONVERSION = YES;
				GCC_WARN_ABOUT_RETURN_TYPE = YES_ERROR;
				GCC_WARN_UNDECLARED_SELECTOR = YES;
				GCC_WARN_UNINITIALIZED_AUTOS = YES_AGGRESSIVE;
				GCC_WARN_UNUSED_FUNCTION = YES;
				GCC_WARN_UNUSED_VARIABLE = YES;
				IPHONEOS_DEPLOYMENT_TARGET = 9.0;
				MTL_ENABLE_DEBUG_INFO = YES;
				ONLY_ACTIVE_ARCH = YES;
				SDKROOT = iphoneos;
			};
			name = Debug;
		};
		BC8F666D1C7F273900FEFE89 /* Release */ = {
			isa = XCBuildConfiguration;
			buildSettings = {
				ALWAYS_SEARCH_USER_PATHS = NO;
				CLANG_CXX_LANGUAGE_STANDARD = "gnu++0x";
				CLANG_CXX_LIBRARY = "libc++";
				CLANG_ENABLE_MODULES = YES;
				CLANG_WARN_BLOCK_CAPTURE_AUTORELEASING = YES;
				CLANG_WARN_BOOL_CONVERSION = YES;
				CLANG_WARN_COMMA = YES;
				CLANG_WARN_CONSTANT_CONVERSION = YES;
				CLANG_WARN_DEPRECATED_OBJC_IMPLEMENTATIONS = YES;
				CLANG_WARN_DIRECT_OBJC_ISA_USAGE = YES_ERROR;
				CLANG_WARN_EMPTY_BODY = YES;
				CLANG_WARN_ENUM_CONVERSION = YES;
				CLANG_WARN_INFINITE_RECURSION = YES;
				CLANG_WARN_INT_CONVERSION = YES;
				CLANG_WARN_NON_LITERAL_NULL_CONVERSION = YES;
				CLANG_WARN_OBJC_IMPLICIT_RETAIN_SELF = YES;
				CLANG_WARN_OBJC_LITERAL_CONVERSION = YES;
				CLANG_WARN_OBJC_ROOT_CLASS = YES_ERROR;
				CLANG_WARN_RANGE_LOOP_ANALYSIS = YES;
				CLANG_WARN_STRICT_PROTOTYPES = YES;
				CLANG_WARN_SUSPICIOUS_MOVE = YES;
				CLANG_WARN_UNREACHABLE_CODE = YES;
				CLANG_WARN__DUPLICATE_METHOD_MATCH = YES;
				CODE_SIGN_IDENTITY = "iPhone Distribution";
				"CODE_SIGN_IDENTITY[sdk=iphoneos*]" = "iPhone Distribution";
				COPY_PHASE_STRIP = NO;
				DEBUG_INFORMATION_FORMAT = "dwarf-with-dsym";
				ENABLE_NS_ASSERTIONS = NO;
				ENABLE_STRICT_OBJC_MSGSEND = YES;
				GCC_C_LANGUAGE_STANDARD = gnu99;
				GCC_NO_COMMON_BLOCKS = YES;
				GCC_WARN_64_TO_32_BIT_CONVERSION = YES;
				GCC_WARN_ABOUT_RETURN_TYPE = YES_ERROR;
				GCC_WARN_UNDECLARED_SELECTOR = YES;
				GCC_WARN_UNINITIALIZED_AUTOS = YES_AGGRESSIVE;
				GCC_WARN_UNUSED_FUNCTION = YES;
				GCC_WARN_UNUSED_VARIABLE = YES;
				IPHONEOS_DEPLOYMENT_TARGET = 9.0;
				MTL_ENABLE_DEBUG_INFO = NO;
				SDKROOT = iphoneos;
				VALIDATE_PRODUCT = YES;
			};
			name = Release;
		};
		BC8F666F1C7F273900FEFE89 /* Debug */ = {
			isa = XCBuildConfiguration;
			buildSettings = {
				ASSETCATALOG_COMPILER_APPICON_NAME = AppIcon;
				CLANG_ENABLE_OBJC_WEAK = YES;
				DEVELOPMENT_TEAM = "";
				GCC_PREFIX_HEADER = "iOSAudioSample/iOSAudioSample-Prefix.pch";
				INFOPLIST_FILE = "$(SRCROOT)/iOSAudioSample/Info.plist";
				LD_RUNPATH_SEARCH_PATHS = "$(inherited) @executable_path/Frameworks";
				PRODUCT_BUNDLE_IDENTIFIER = com.loopsessions.AUGraphSample;
				PRODUCT_NAME = "$(TARGET_NAME)";
				TARGETED_DEVICE_FAMILY = "1,2";
			};
			name = Debug;
		};
		BC8F66701C7F273900FEFE89 /* Release */ = {
			isa = XCBuildConfiguration;
			buildSettings = {
				ASSETCATALOG_COMPILER_APPICON_NAME = AppIcon;
				CLANG_ENABLE_OBJC_WEAK = YES;
				DEVELOPMENT_TEAM = "";
				GCC_PREFIX_HEADER = "iOSAudioSample/iOSAudioSample-Prefix.pch";
				INFOPLIST_FILE = "$(SRCROOT)/iOSAudioSample/Info.plist";
				LD_RUNPATH_SEARCH_PATHS = "$(inherited) @executable_path/Frameworks";
				PRODUCT_BUNDLE_IDENTIFIER = com.loopsessions.AUGraphSample;
				PRODUCT_NAME = "$(TARGET_NAME)";
				TARGETED_DEVICE_FAMILY = "1,2";
			};
			name = Release;
		};
/* End XCBuildConfiguration section */

/* Begin XCConfigurationList section */
		BC8F66521C7F273900FEFE89 /* Build configuration list for PBXProject "iOSAudioSample" */ = {
			isa = XCConfigurationList;
			buildConfigurations = (
				BC8F666C1C7F273900FEFE89 /* Debug */,
				BC8F666D1C7F273900FEFE89 /* Release */,
			);
			defaultConfigurationIsVisible = 0;
			defaultConfigurationName = Release;
		};
		BC8F666E1C7F273900FEFE89 /* Build configuration list for PBXNativeTarget "iOSAudioSample" */ = {
			isa = XCConfigurationList;
			buildConfigurations = (
				BC8F666F1C7F273900FEFE89 /* Debug */,
				BC8F66701C7F273900FEFE89 /* Release */,
			);
			defaultConfigurationIsVisible = 0;
			defaultConfigurationName = Release;
		};
/* End XCConfigurationList section */
	};
	rootObject = BC8F664F1C7F273900FEFE89 /* Project object */;
}
